
Microsoft Visual Studio Solution File, Format Version 12.00
# Visual Studio Version 16
VisualStudioVersion = 16.0.31729.503
MinimumVisualStudioVersion = 10.0.40219.1
Project("{FAE04EC0-301F-11D3-BF4B-00C04F79EFBC}") = "Producer", "Producer\Producer.csproj", "{D8831D1B-9F32-4C7E-BC2C-63E8BE3D9970}"
EndProject
Project("{FAE04EC0-301F-11D3-BF4B-00C04F79EFBC}") = "Consumer", "Consumer\Consumer.csproj", "{AC76498C-6477-4255-9D1A-93F1303FF908}"
EndProject
Global
	GlobalSection(SolutionConfigurationPlatforms) = preSolution
		Debug|Any CPU = Debug|Any CPU
		Release|Any CPU = Release|Any CPU
	EndGlobalSection
	GlobalSection(ProjectConfigurationPlatforms) = postSolution
		{D8831D1B-9F32-4C7E-BC2C-63E8BE3D9970}.Debug|Any CPU.ActiveCfg = Debug|Any CPU
		{D8831D1B-9F32-4C7E-BC2C-63E8BE3D9970}.Debug|Any CPU.Build.0 = Debug|Any CPU
		{D8831D1B-9F32-4C7E-BC2C-63E8BE3D9970}.Release|Any CPU.ActiveCfg = Release|Any CPU
		{D8831D1B-9F32-4C7E-BC2C-63E8BE3D9970}.Release|Any CPU.Build.0 = Release|Any CPU
		{AC76498C-6477-4255-9D1A-93F1303FF908}.Debug|Any CPU.ActiveCfg = Debug|Any CPU
		{AC76498C-6477-4255-9D1A-93F1303FF908}.Debug|Any CPU.Build.0 = Debug|Any CPU
		{AC76498C-6477-4255-9D1A-93F1303FF908}.Release|Any CPU.ActiveCfg = Release|Any CPU
		{AC76498C-6477-4255-9D1A-93F1303FF908}.Release|Any CPU.Build.0 = Release|Any CPU
	EndGlobalSection
	GlobalSection(SolutionProperties) = preSolution
		HideSolutionNode = FALSE
	EndGlobalSection
	GlobalSection(ExtensibilityGlobals) = postSolution
		SolutionGuid = {427B68E5-E4A0-4631-8DE3-08532EFF3D7B}
	EndGlobalSection
EndGlobal
