
Microsoft Visual Studio Solution File, Format Version 12.00
# Visual Studio Version 16
VisualStudioVersion = 16.0.31729.503
MinimumVisualStudioVersion = 10.0.40219.1
Project("{FAE04EC0-301F-11D3-BF4B-00C04F79EFBC}") = "SampleAPI", "SampleAPI\SampleAPI.csproj", "{48DDC5D0-0941-470B-87FF-C4FFDFE8EA42}"
EndProject
Global
	GlobalSection(SolutionConfigurationPlatforms) = preSolution
		Debug|Any CPU = Debug|Any CPU
		Release|Any CPU = Release|Any CPU
	EndGlobalSection
	GlobalSection(ProjectConfigurationPlatforms) = postSolution
		{48DDC5D0-0941-470B-87FF-C4FFDFE8EA42}.Debug|Any CPU.ActiveCfg = Debug|Any CPU
		{48DDC5D0-0941-470B-87FF-C4FFDFE8EA42}.Debug|Any CPU.Build.0 = Debug|Any CPU
		{48DDC5D0-0941-470B-87FF-C4FFDFE8EA42}.Release|Any CPU.ActiveCfg = Release|Any CPU
		{48DDC5D0-0941-470B-87FF-C4FFDFE8EA42}.Release|Any CPU.Build.0 = Release|Any CPU
	EndGlobalSection
	GlobalSection(SolutionProperties) = preSolution
		HideSolutionNode = FALSE
	EndGlobalSection
	GlobalSection(ExtensibilityGlobals) = postSolution
		SolutionGuid = {1ABD1C12-C0FB-44A0-925D-40B676587260}
	EndGlobalSection
EndGlobal
