
Microsoft Visual Studio Solution File, Format Version 12.00
# Visual Studio Version 16
VisualStudioVersion = 16.0.31729.503
MinimumVisualStudioVersion = 10.0.40219.1
Project("{FAE04EC0-301F-11D3-BF4B-00C04F79EFBC}") = "OrderService", "OrderService\OrderService.csproj", "{D6DE9D7A-A723-4B24-A944-C404CD17C7D2}"
EndProject
Project("{FAE04EC0-301F-11D3-BF4B-00C04F79EFBC}") = "InventoryService", "InventoryService\InventoryService.csproj", "{82D59BF2-2734-428C-AC04-11345FD856E4}"
EndProject
Global
	GlobalSection(SolutionConfigurationPlatforms) = preSolution
		Debug|Any CPU = Debug|Any CPU
		Release|Any CPU = Release|Any CPU
	EndGlobalSection
	GlobalSection(ProjectConfigurationPlatforms) = postSolution
		{D6DE9D7A-A723-4B24-A944-C404CD17C7D2}.Debug|Any CPU.ActiveCfg = Debug|Any CPU
		{D6DE9D7A-A723-4B24-A944-C404CD17C7D2}.Debug|Any CPU.Build.0 = Debug|Any CPU
		{D6DE9D7A-A723-4B24-A944-C404CD17C7D2}.Release|Any CPU.ActiveCfg = Release|Any CPU
		{D6DE9D7A-A723-4B24-A944-C404CD17C7D2}.Release|Any CPU.Build.0 = Release|Any CPU
		{82D59BF2-2734-428C-AC04-11345FD856E4}.Debug|Any CPU.ActiveCfg = Debug|Any CPU
		{82D59BF2-2734-428C-AC04-11345FD856E4}.Debug|Any CPU.Build.0 = Debug|Any CPU
		{82D59BF2-2734-428C-AC04-11345FD856E4}.Release|Any CPU.ActiveCfg = Release|Any CPU
		{82D59BF2-2734-428C-AC04-11345FD856E4}.Release|Any CPU.Build.0 = Release|Any CPU
	EndGlobalSection
	GlobalSection(SolutionProperties) = preSolution
		HideSolutionNode = FALSE
	EndGlobalSection
	GlobalSection(ExtensibilityGlobals) = postSolution
		SolutionGuid = {3F72C3D3-CB69-4FFC-A9A8-ECF0E5774F2B}
	EndGlobalSection
EndGlobal
