
Microsoft Visual Studio Solution File, Format Version 12.00
# Visual Studio Version 16
VisualStudioVersion = 16.0.31729.503
MinimumVisualStudioVersion = 10.0.40219.1
Project("{FAE04EC0-301F-11D3-BF4B-00C04F79EFBC}") = "CatalogService", "CatalogService\CatalogService.csproj", "{45ED6A2F-11E9-44E9-9B28-89E78590795E}"
EndProject
Project("{FAE04EC0-301F-11D3-BF4B-00C04F79EFBC}") = "ProductService", "ProductService\ProductService.csproj", "{3A00E9E9-712D-41AB-BC93-DF4DD5225582}"
EndProject
Global
	GlobalSection(SolutionConfigurationPlatforms) = preSolution
		Debug|Any CPU = Debug|Any CPU
		Release|Any CPU = Release|Any CPU
	EndGlobalSection
	GlobalSection(ProjectConfigurationPlatforms) = postSolution
		{45ED6A2F-11E9-44E9-9B28-89E78590795E}.Debug|Any CPU.ActiveCfg = Debug|Any CPU
		{45ED6A2F-11E9-44E9-9B28-89E78590795E}.Debug|Any CPU.Build.0 = Debug|Any CPU
		{45ED6A2F-11E9-44E9-9B28-89E78590795E}.Release|Any CPU.ActiveCfg = Release|Any CPU
		{45ED6A2F-11E9-44E9-9B28-89E78590795E}.Release|Any CPU.Build.0 = Release|Any CPU
		{3A00E9E9-712D-41AB-BC93-DF4DD5225582}.Debug|Any CPU.ActiveCfg = Debug|Any CPU
		{3A00E9E9-712D-41AB-BC93-DF4DD5225582}.Debug|Any CPU.Build.0 = Debug|Any CPU
		{3A00E9E9-712D-41AB-BC93-DF4DD5225582}.Release|Any CPU.ActiveCfg = Release|Any CPU
		{3A00E9E9-712D-41AB-BC93-DF4DD5225582}.Release|Any CPU.Build.0 = Release|Any CPU
	EndGlobalSection
	GlobalSection(SolutionProperties) = preSolution
		HideSolutionNode = FALSE
	EndGlobalSection
	GlobalSection(ExtensibilityGlobals) = postSolution
		SolutionGuid = {38542741-B69B-448C-B210-1B27B5315D3C}
	EndGlobalSection
EndGlobal
